// !$*UTF8*$!
{
	archiveVersion = 1;
	classes = {
	};
	objectVersion = 51;
	objects = {

/* Begin PBXBuildFile section */
		31553295274DE10800C0950C /* EditListing.swift in Sources */ = {isa = PBXBuildFile; fileRef = 31553294274DE10800C0950C /* EditListing.swift */; };
		3159BA282743870500595699 /* profile.swift in Sources */ = {isa = PBXBuildFile; fileRef = 3159BA272743870500595699 /* profile.swift */; };
		315FE960274CE74D0077F2C6 /* MyListings.swift in Sources */ = {isa = PBXBuildFile; fileRef = 315FE95F274CE74D0077F2C6 /* MyListings.swift */; };
		319AF0652744AE760086B392 /* ListingInfo.swift in Sources */ = {isa = PBXBuildFile; fileRef = 319AF0642744AE760086B392 /* ListingInfo.swift */; };
		31CAFB45275495200034868B /* ChatView.swift in Sources */ = {isa = PBXBuildFile; fileRef = 31CAFB44275495200034868B /* ChatView.swift */; };
		31CAFB47275495430034868B /* ChattingView.swift in Sources */ = {isa = PBXBuildFile; fileRef = 31CAFB46275495430034868B /* ChattingView.swift */; };
		31CAFB4927549B1E0034868B /* footer.swift in Sources */ = {isa = PBXBuildFile; fileRef = 31CAFB4827549B1E0034868B /* footer.swift */; };
		31D6A067274DE720004A850F /* EditListingController.swift in Sources */ = {isa = PBXBuildFile; fileRef = 31D6A066274DE720004A850F /* EditListingController.swift */; };
		31D6A06A274E5091004A850F /* PurchaseHistory.swift in Sources */ = {isa = PBXBuildFile; fileRef = 31D6A069274E5091004A850F /* PurchaseHistory.swift */; };
		31DF40452745284F00030AC1 /* ListingUploadImage.swift in Sources */ = {isa = PBXBuildFile; fileRef = 31DF40442745284F00030AC1 /* ListingUploadImage.swift */; };
		31DF40482745317E00030AC1 /* pickImage.swift in Sources */ = {isa = PBXBuildFile; fileRef = 31DF40472745317E00030AC1 /* pickImage.swift */; };
		4DBE464E2F75E0F5EFCD6729 /* Pods_University_Pal.framework in Frameworks */ = {isa = PBXBuildFile; fileRef = 8F3633C4547D42905A7F7DBF /* Pods_University_Pal.framework */; };
		A0707E98274B682200366824 /* Controller.swift in Sources */ = {isa = PBXBuildFile; fileRef = A0707E97274B682200366824 /* Controller.swift */; };
		A0707E9A274B685400366824 /* ViewBank.swift in Sources */ = {isa = PBXBuildFile; fileRef = A0707E99274B685400366824 /* ViewBank.swift */; };
		A08A0BCE275DD35500677062 /* Book.swift in Sources */ = {isa = PBXBuildFile; fileRef = A08A0BCD275DD35500677062 /* Book.swift */; };
		A08A0BD3276035DA00677062 /* TabView.swift in Sources */ = {isa = PBXBuildFile; fileRef = A08A0BD2276035DA00677062 /* TabView.swift */; };
		A08A0BD52760364700677062 /* TabItem.swift in Sources */ = {isa = PBXBuildFile; fileRef = A08A0BD42760364700677062 /* TabItem.swift */; };
		A0C57AB327449BCE00E98C90 /* SignUpView.swift in Sources */ = {isa = PBXBuildFile; fileRef = A0C57AB227449BCE00E98C90 /* SignUpView.swift */; };
		A0E09C712738B3E8008DFF4F /* LineAccent.swift in Sources */ = {isa = PBXBuildFile; fileRef = A0E09C702738B3E8008DFF4F /* LineAccent.swift */; };
		A0F73D15275712F800790D96 /* User.swift in Sources */ = {isa = PBXBuildFile; fileRef = A0F73D14275712F800790D96 /* User.swift */; };
		A0FA0C2A275ADF4400634BA9 /* LoginView.swift in Sources */ = {isa = PBXBuildFile; fileRef = A0FA0C29275ADF4400634BA9 /* LoginView.swift */; };
		AAA856272730EC8D007948C8 /* WelcomeScreen.swift in Sources */ = {isa = PBXBuildFile; fileRef = AAA856262730EC8D007948C8 /* WelcomeScreen.swift */; };
		AAAB81CA270AC9E700B2BA61 /* University_PalApp.swift in Sources */ = {isa = PBXBuildFile; fileRef = AAAB81C9270AC9E700B2BA61 /* University_PalApp.swift */; };
		AAAB81CC270AC9E700B2BA61 /* ContentView.swift in Sources */ = {isa = PBXBuildFile; fileRef = AAAB81CB270AC9E700B2BA61 /* ContentView.swift */; };
		AAAB81CE270AC9E900B2BA61 /* Assets.xcassets in Resources */ = {isa = PBXBuildFile; fileRef = AAAB81CD270AC9E900B2BA61 /* Assets.xcassets */; };
		AAAB81D1270AC9E900B2BA61 /* Preview Assets.xcassets in Resources */ = {isa = PBXBuildFile; fileRef = AAAB81D0270AC9E900B2BA61 /* Preview Assets.xcassets */; };
		AABD07EA270AD9D2002841CC /* GoogleService-Info.plist in Resources */ = {isa = PBXBuildFile; fileRef = AABD07E9270AD9D2002841CC /* GoogleService-Info.plist */; };
/* End PBXBuildFile section */

/* Begin PBXFileReference section */
		31553294274DE10800C0950C /* EditListing.swift */ = {isa = PBXFileReference; lastKnownFileType = sourcecode.swift; path = EditListing.swift; sourceTree = "<group>"; };
		3159BA272743870500595699 /* profile.swift */ = {isa = PBXFileReference; lastKnownFileType = sourcecode.swift; path = profile.swift; sourceTree = "<group>"; };
		315FE95F274CE74D0077F2C6 /* MyListings.swift */ = {isa = PBXFileReference; lastKnownFileType = sourcecode.swift; path = MyListings.swift; sourceTree = "<group>"; };
		319AF0642744AE760086B392 /* ListingInfo.swift */ = {isa = PBXFileReference; lastKnownFileType = sourcecode.swift; path = ListingInfo.swift; sourceTree = "<group>"; };
		31CAFB44275495200034868B /* ChatView.swift */ = {isa = PBXFileReference; lastKnownFileType = sourcecode.swift; path = ChatView.swift; sourceTree = "<group>"; };
		31CAFB46275495430034868B /* ChattingView.swift */ = {isa = PBXFileReference; lastKnownFileType = sourcecode.swift; path = ChattingView.swift; sourceTree = "<group>"; };
		31CAFB4827549B1E0034868B /* footer.swift */ = {isa = PBXFileReference; lastKnownFileType = sourcecode.swift; path = footer.swift; sourceTree = "<group>"; };
		31D6A066274DE720004A850F /* EditListingController.swift */ = {isa = PBXFileReference; lastKnownFileType = sourcecode.swift; path = EditListingController.swift; sourceTree = "<group>"; };
		31D6A069274E5091004A850F /* PurchaseHistory.swift */ = {isa = PBXFileReference; lastKnownFileType = sourcecode.swift; path = PurchaseHistory.swift; sourceTree = "<group>"; };
		31DF40442745284F00030AC1 /* ListingUploadImage.swift */ = {isa = PBXFileReference; lastKnownFileType = sourcecode.swift; path = ListingUploadImage.swift; sourceTree = "<group>"; };
		31DF40472745317E00030AC1 /* pickImage.swift */ = {isa = PBXFileReference; lastKnownFileType = sourcecode.swift; path = pickImage.swift; sourceTree = "<group>"; };
		78B8821F4F429F463CD0CE5D /* Pods-University Pal.debug.xcconfig */ = {isa = PBXFileReference; includeInIndex = 1; lastKnownFileType = text.xcconfig; name = "Pods-University Pal.debug.xcconfig"; path = "Target Support Files/Pods-University Pal/Pods-University Pal.debug.xcconfig"; sourceTree = "<group>"; };
		7D7E8675BD5C516518243C03 /* Pods-University Pal.release.xcconfig */ = {isa = PBXFileReference; includeInIndex = 1; lastKnownFileType = text.xcconfig; name = "Pods-University Pal.release.xcconfig"; path = "Target Support Files/Pods-University Pal/Pods-University Pal.release.xcconfig"; sourceTree = "<group>"; };
		8F3633C4547D42905A7F7DBF /* Pods_University_Pal.framework */ = {isa = PBXFileReference; explicitFileType = wrapper.framework; includeInIndex = 0; path = Pods_University_Pal.framework; sourceTree = BUILT_PRODUCTS_DIR; };
		A0707E97274B682200366824 /* Controller.swift */ = {isa = PBXFileReference; lastKnownFileType = sourcecode.swift; path = Controller.swift; sourceTree = "<group>"; };
		A0707E99274B685400366824 /* ViewBank.swift */ = {isa = PBXFileReference; lastKnownFileType = sourcecode.swift; path = ViewBank.swift; sourceTree = "<group>"; };
		A08A0BCD275DD35500677062 /* Book.swift */ = {isa = PBXFileReference; lastKnownFileType = sourcecode.swift; path = Book.swift; sourceTree = "<group>"; };
		A08A0BD2276035DA00677062 /* TabView.swift */ = {isa = PBXFileReference; lastKnownFileType = sourcecode.swift; path = TabView.swift; sourceTree = "<group>"; };
		A08A0BD42760364700677062 /* TabItem.swift */ = {isa = PBXFileReference; lastKnownFileType = sourcecode.swift; path = TabItem.swift; sourceTree = "<group>"; };
		A0C57AB227449BCE00E98C90 /* SignUpView.swift */ = {isa = PBXFileReference; lastKnownFileType = sourcecode.swift; path = SignUpView.swift; sourceTree = "<group>"; };
		A0E09C702738B3E8008DFF4F /* LineAccent.swift */ = {isa = PBXFileReference; lastKnownFileType = sourcecode.swift; path = LineAccent.swift; sourceTree = "<group>"; };
		A0F73D14275712F800790D96 /* User.swift */ = {isa = PBXFileReference; lastKnownFileType = sourcecode.swift; path = User.swift; sourceTree = "<group>"; };
		A0FA0C29275ADF4400634BA9 /* LoginView.swift */ = {isa = PBXFileReference; lastKnownFileType = sourcecode.swift; path = LoginView.swift; sourceTree = "<group>"; };
		AAA856262730EC8D007948C8 /* WelcomeScreen.swift */ = {isa = PBXFileReference; lastKnownFileType = sourcecode.swift; path = WelcomeScreen.swift; sourceTree = "<group>"; };
		AAAB81C6270AC9E700B2BA61 /* University Pal.app */ = {isa = PBXFileReference; explicitFileType = wrapper.application; includeInIndex = 0; path = "University Pal.app"; sourceTree = BUILT_PRODUCTS_DIR; };
		AAAB81C9270AC9E700B2BA61 /* University_PalApp.swift */ = {isa = PBXFileReference; lastKnownFileType = sourcecode.swift; path = University_PalApp.swift; sourceTree = "<group>"; };
		AAAB81CB270AC9E700B2BA61 /* ContentView.swift */ = {isa = PBXFileReference; lastKnownFileType = sourcecode.swift; path = ContentView.swift; sourceTree = "<group>"; };
		AAAB81CD270AC9E900B2BA61 /* Assets.xcassets */ = {isa = PBXFileReference; lastKnownFileType = folder.assetcatalog; path = Assets.xcassets; sourceTree = "<group>"; };
		AAAB81D0270AC9E900B2BA61 /* Preview Assets.xcassets */ = {isa = PBXFileReference; lastKnownFileType = folder.assetcatalog; path = "Preview Assets.xcassets"; sourceTree = "<group>"; };
		AAAB81D2270AC9E900B2BA61 /* Info.plist */ = {isa = PBXFileReference; lastKnownFileType = text.plist.xml; path = Info.plist; sourceTree = "<group>"; };
		AABD07E9270AD9D2002841CC /* GoogleService-Info.plist */ = {isa = PBXFileReference; fileEncoding = 4; lastKnownFileType = text.plist.xml; path = "GoogleService-Info.plist"; sourceTree = "<group>"; };
/* End PBXFileReference section */

/* Begin PBXFrameworksBuildPhase section */
		AAAB81C3270AC9E700B2BA61 /* Frameworks */ = {
			isa = PBXFrameworksBuildPhase;
			buildActionMask = 2147483647;
			files = (
				4DBE464E2F75E0F5EFCD6729 /* Pods_University_Pal.framework in Frameworks */,
			);
			runOnlyForDeploymentPostprocessing = 0;
		};
/* End PBXFrameworksBuildPhase section */

/* Begin PBXGroup section */
		315FE95E274CE7150077F2C6 /* Profile */ = {
			isa = PBXGroup;
			children = (
				31D6A068274DE731004A850F /* EditListing */,
				3159BA272743870500595699 /* profile.swift */,
				31D6A069274E5091004A850F /* PurchaseHistory.swift */,
				315FE95F274CE74D0077F2C6 /* MyListings.swift */,
			);
			path = Profile;
			sourceTree = "<group>";
		};
		31CAFB43275494020034868B /* Chatting */ = {
			isa = PBXGroup;
			children = (
				31CAFB44275495200034868B /* ChatView.swift */,
				31CAFB46275495430034868B /* ChattingView.swift */,
			);
			path = Chatting;
			sourceTree = "<group>";
		};
		31D6A068274DE731004A850F /* EditListing */ = {
			isa = PBXGroup;
			children = (
				31553294274DE10800C0950C /* EditListing.swift */,
				31D6A066274DE720004A850F /* EditListingController.swift */,
			);
			path = EditListing;
			sourceTree = "<group>";
		};
		31DF40462745315C00030AC1 /* Listing */ = {
			isa = PBXGroup;
			children = (
				31DF40442745284F00030AC1 /* ListingUploadImage.swift */,
				31DF40472745317E00030AC1 /* pickImage.swift */,
				319AF0642744AE760086B392 /* ListingInfo.swift */,
			);
			path = Listing;
			sourceTree = "<group>";
		};
		70B092ED938C96B6E53B34C5 /* Pods */ = {
			isa = PBXGroup;
			children = (
				78B8821F4F429F463CD0CE5D /* Pods-University Pal.debug.xcconfig */,
				7D7E8675BD5C516518243C03 /* Pods-University Pal.release.xcconfig */,
			);
			path = Pods;
			sourceTree = "<group>";
		};
		A08A0BD1276035C600677062 /* Tab */ = {
			isa = PBXGroup;
			children = (
				A08A0BD2276035DA00677062 /* TabView.swift */,
				A08A0BD42760364700677062 /* TabItem.swift */,
			);
			path = Tab;
			sourceTree = "<group>";
		};
		A0E09C72273A3C72008DFF4F /* ViewElements */ = {
			isa = PBXGroup;
			children = (
				A0E09C702738B3E8008DFF4F /* LineAccent.swift */,
			);
			path = ViewElements;
			sourceTree = "<group>";
		};
		AAA856252730E8B9007948C8 /* Model */ = {
			isa = PBXGroup;
			children = (
				A0F73D14275712F800790D96 /* User.swift */,
				A08A0BCD275DD35500677062 /* Book.swift */,
			);
			path = Model;
			sourceTree = "<group>";
		};
		AAAB81BD270AC9E700B2BA61 = {
			isa = PBXGroup;
			children = (
				AABD07E9270AD9D2002841CC /* GoogleService-Info.plist */,
				AAAB81C8270AC9E700B2BA61 /* src */,
				AAAB81C7270AC9E700B2BA61 /* Products */,
				70B092ED938C96B6E53B34C5 /* Pods */,
				E1696392BB76FC6C7ACA6243 /* Frameworks */,
			);
			sourceTree = "<group>";
		};
		AAAB81C7270AC9E700B2BA61 /* Products */ = {
			isa = PBXGroup;
			children = (
				AAAB81C6270AC9E700B2BA61 /* University Pal.app */,
			);
			name = Products;
			sourceTree = "<group>";
		};
		AAAB81C8270AC9E700B2BA61 /* src */ = {
			isa = PBXGroup;
			children = (
				AAA856252730E8B9007948C8 /* Model */,
				AABD07EC270ADDAA002841CC /* Controller */,
				AABD07EB270ADD84002841CC /* Views */,
				AAAB81C9270AC9E700B2BA61 /* University_PalApp.swift */,
				AAAB81CD270AC9E900B2BA61 /* Assets.xcassets */,
				AAAB81D2270AC9E900B2BA61 /* Info.plist */,
				AAAB81CF270AC9E900B2BA61 /* Preview Content */,
			);
			path = src;
			sourceTree = "<group>";
		};
		AAAB81CF270AC9E900B2BA61 /* Preview Content */ = {
			isa = PBXGroup;
			children = (
				AAAB81D0270AC9E900B2BA61 /* Preview Assets.xcassets */,
			);
			path = "Preview Content";
			sourceTree = "<group>";
		};
		AABD07EB270ADD84002841CC /* Views */ = {
			isa = PBXGroup;
			children = (
				A08A0BD1276035C600677062 /* Tab */,
				31CAFB43275494020034868B /* Chatting */,
				315FE95E274CE7150077F2C6 /* Profile */,
				31DF40462745315C00030AC1 /* Listing */,
				A0E09C72273A3C72008DFF4F /* ViewElements */,
				AAA856262730EC8D007948C8 /* WelcomeScreen.swift */,
				AAAB81CB270AC9E700B2BA61 /* ContentView.swift */,
				A0C57AB227449BCE00E98C90 /* SignUpView.swift */,
				31CAFB4827549B1E0034868B /* footer.swift */,
				A0FA0C29275ADF4400634BA9 /* LoginView.swift */,
			);
			path = Views;
			sourceTree = "<group>";
		};
		AABD07EC270ADDAA002841CC /* Controller */ = {
			isa = PBXGroup;
			children = (
				A0707E97274B682200366824 /* Controller.swift */,
				A0707E99274B685400366824 /* ViewBank.swift */,
			);
			path = Controller;
			sourceTree = "<group>";
		};
		E1696392BB76FC6C7ACA6243 /* Frameworks */ = {
			isa = PBXGroup;
			children = (
				8F3633C4547D42905A7F7DBF /* Pods_University_Pal.framework */,
			);
			name = Frameworks;
			sourceTree = "<group>";
		};
/* End PBXGroup section */

/* Begin PBXNativeTarget section */
		AAAB81C5270AC9E700B2BA61 /* University Pal */ = {
			isa = PBXNativeTarget;
			buildConfigurationList = AAAB81D5270AC9E900B2BA61 /* Build configuration list for PBXNativeTarget "University Pal" */;
			buildPhases = (
				0EFD8A4E5FAB254C8FA1FD84 /* [CP] Check Pods Manifest.lock */,
				AAAB81C2270AC9E700B2BA61 /* Sources */,
				AAAB81C3270AC9E700B2BA61 /* Frameworks */,
				AAAB81C4270AC9E700B2BA61 /* Resources */,
				A7587A9BBA12BE855A5549AF /* [CP] Embed Pods Frameworks */,
			);
			buildRules = (
			);
			dependencies = (
			);
			name = "University Pal";
			productName = "University Pal";
			productReference = AAAB81C6270AC9E700B2BA61 /* University Pal.app */;
			productType = "com.apple.product-type.application";
		};
/* End PBXNativeTarget section */

/* Begin PBXProject section */
		AAAB81BE270AC9E700B2BA61 /* Project object */ = {
			isa = PBXProject;
			attributes = {
				LastSwiftUpdateCheck = 1250;
				LastUpgradeCheck = 1250;
				TargetAttributes = {
					AAAB81C5270AC9E700B2BA61 = {
						CreatedOnToolsVersion = 12.5.1;
					};
				};
			};
			buildConfigurationList = AAAB81C1270AC9E700B2BA61 /* Build configuration list for PBXProject "University Pal" */;
			compatibilityVersion = "Xcode 9.3";
			developmentRegion = en;
			hasScannedForEncodings = 0;
			knownRegions = (
				en,
				Base,
			);
			mainGroup = AAAB81BD270AC9E700B2BA61;
			productRefGroup = AAAB81C7270AC9E700B2BA61 /* Products */;
			projectDirPath = "";
			projectRoot = "";
			targets = (
				AAAB81C5270AC9E700B2BA61 /* University Pal */,
			);
		};
/* End PBXProject section */

/* Begin PBXResourcesBuildPhase section */
		AAAB81C4270AC9E700B2BA61 /* Resources */ = {
			isa = PBXResourcesBuildPhase;
			buildActionMask = 2147483647;
			files = (
				AAAB81D1270AC9E900B2BA61 /* Preview Assets.xcassets in Resources */,
				AAAB81CE270AC9E900B2BA61 /* Assets.xcassets in Resources */,
				AABD07EA270AD9D2002841CC /* GoogleService-Info.plist in Resources */,
			);
			runOnlyForDeploymentPostprocessing = 0;
		};
/* End PBXResourcesBuildPhase section */

/* Begin PBXShellScriptBuildPhase section */
		0EFD8A4E5FAB254C8FA1FD84 /* [CP] Check Pods Manifest.lock */ = {
			isa = PBXShellScriptBuildPhase;
			buildActionMask = 2147483647;
			files = (
			);
			inputFileListPaths = (
			);
			inputPaths = (
				"${PODS_PODFILE_DIR_PATH}/Podfile.lock",
				"${PODS_ROOT}/Manifest.lock",
			);
			name = "[CP] Check Pods Manifest.lock";
			outputFileListPaths = (
			);
			outputPaths = (
				"$(DERIVED_FILE_DIR)/Pods-University Pal-checkManifestLockResult.txt",
			);
			runOnlyForDeploymentPostprocessing = 0;
			shellPath = /bin/sh;
			shellScript = "diff \"${PODS_PODFILE_DIR_PATH}/Podfile.lock\" \"${PODS_ROOT}/Manifest.lock\" > /dev/null\nif [ $? != 0 ] ; then\n    # print error to STDERR\n    echo \"error: The sandbox is not in sync with the Podfile.lock. Run 'pod install' or update your CocoaPods installation.\" >&2\n    exit 1\nfi\n# This output is used by Xcode 'outputs' to avoid re-running this script phase.\necho \"SUCCESS\" > \"${SCRIPT_OUTPUT_FILE_0}\"\n";
			showEnvVarsInLog = 0;
		};
		A7587A9BBA12BE855A5549AF /* [CP] Embed Pods Frameworks */ = {
			isa = PBXShellScriptBuildPhase;
			buildActionMask = 2147483647;
			files = (
			);
			inputFileListPaths = (
				"${PODS_ROOT}/Target Support Files/Pods-University Pal/Pods-University Pal-frameworks-${CONFIGURATION}-input-files.xcfilelist",
			);
			name = "[CP] Embed Pods Frameworks";
			outputFileListPaths = (
				"${PODS_ROOT}/Target Support Files/Pods-University Pal/Pods-University Pal-frameworks-${CONFIGURATION}-output-files.xcfilelist",
			);
			runOnlyForDeploymentPostprocessing = 0;
			shellPath = /bin/sh;
			shellScript = "\"${PODS_ROOT}/Target Support Files/Pods-University Pal/Pods-University Pal-frameworks.sh\"\n";
			showEnvVarsInLog = 0;
		};
/* End PBXShellScriptBuildPhase section */

/* Begin PBXSourcesBuildPhase section */
		AAAB81C2270AC9E700B2BA61 /* Sources */ = {
			isa = PBXSourcesBuildPhase;
			buildActionMask = 2147483647;
			files = (
				A08A0BD3276035DA00677062 /* TabView.swift in Sources */,
				319AF0652744AE760086B392 /* ListingInfo.swift in Sources */,
				A0707E98274B682200366824 /* Controller.swift in Sources */,
				A08A0BCE275DD35500677062 /* Book.swift in Sources */,
				31D6A067274DE720004A850F /* EditListingController.swift in Sources */,
				AAA856272730EC8D007948C8 /* WelcomeScreen.swift in Sources */,
				31CAFB4927549B1E0034868B /* footer.swift in Sources */,
				A08A0BD52760364700677062 /* TabItem.swift in Sources */,
				31CAFB45275495200034868B /* ChatView.swift in Sources */,
				A0C57AB327449BCE00E98C90 /* SignUpView.swift in Sources */,
				A0707E9A274B685400366824 /* ViewBank.swift in Sources */,
				A0E09C712738B3E8008DFF4F /* LineAccent.swift in Sources */,
				31DF40482745317E00030AC1 /* pickImage.swift in Sources */,
				31D6A06A274E5091004A850F /* PurchaseHistory.swift in Sources */,
				31CAFB47275495430034868B /* ChattingView.swift in Sources */,
				31DF40452745284F00030AC1 /* ListingUploadImage.swift in Sources */,
				A0F73D15275712F800790D96 /* User.swift in Sources */,
				AAAB81CC270AC9E700B2BA61 /* ContentView.swift in Sources */,
				31553295274DE10800C0950C /* EditListing.swift in Sources */,
				A0FA0C2A275ADF4400634BA9 /* LoginView.swift in Sources */,
				3159BA282743870500595699 /* profile.swift in Sources */,
				315FE960274CE74D0077F2C6 /* MyListings.swift in Sources */,
				AAAB81CA270AC9E700B2BA61 /* University_PalApp.swift in Sources */,
			);
			runOnlyForDeploymentPostprocessing = 0;
		};
/* End PBXSourcesBuildPhase section */

/* Begin XCBuildConfiguration section */
		AAAB81D3270AC9E900B2BA61 /* Debug */ = {
			isa = XCBuildConfiguration;
			buildSettings = {
				ALWAYS_SEARCH_USER_PATHS = NO;
				CLANG_ANALYZER_NONNULL = YES;
				CLANG_ANALYZER_NUMBER_OBJECT_CONVERSION = YES_AGGRESSIVE;
				CLANG_CXX_LANGUAGE_STANDARD = "gnu++14";
				CLANG_CXX_LIBRARY = "libc++";
				CLANG_ENABLE_MODULES = YES;
				CLANG_ENABLE_OBJC_ARC = YES;
				CLANG_ENABLE_OBJC_WEAK = YES;
				CLANG_WARN_BLOCK_CAPTURE_AUTORELEASING = YES;
				CLANG_WARN_BOOL_CONVERSION = YES;
				CLANG_WARN_COMMA = YES;
				CLANG_WARN_CONSTANT_CONVERSION = YES;
				CLANG_WARN_DEPRECATED_OBJC_IMPLEMENTATIONS = YES;
				CLANG_WARN_DIRECT_OBJC_ISA_USAGE = YES_ERROR;
				CLANG_WARN_DOCUMENTATION_COMMENTS = YES;
				CLANG_WARN_EMPTY_BODY = YES;
				CLANG_WARN_ENUM_CONVERSION = YES;
				CLANG_WARN_INFINITE_RECURSION = YES;
				CLANG_WARN_INT_CONVERSION = YES;
				CLANG_WARN_NON_LITERAL_NULL_CONVERSION = YES;
				CLANG_WARN_OBJC_IMPLICIT_RETAIN_SELF = YES;
				CLANG_WARN_OBJC_LITERAL_CONVERSION = YES;
				CLANG_WARN_OBJC_ROOT_CLASS = YES_ERROR;
				CLANG_WARN_QUOTED_INCLUDE_IN_FRAMEWORK_HEADER = YES;
				CLANG_WARN_RANGE_LOOP_ANALYSIS = YES;
				CLANG_WARN_STRICT_PROTOTYPES = YES;
				CLANG_WARN_SUSPICIOUS_MOVE = YES;
				CLANG_WARN_UNGUARDED_AVAILABILITY = YES_AGGRESSIVE;
				CLANG_WARN_UNREACHABLE_CODE = YES;
				CLANG_WARN__DUPLICATE_METHOD_MATCH = YES;
				COPY_PHASE_STRIP = NO;
				DEBUG_INFORMATION_FORMAT = dwarf;
				ENABLE_STRICT_OBJC_MSGSEND = YES;
				ENABLE_TESTABILITY = YES;
				GCC_C_LANGUAGE_STANDARD = gnu11;
				GCC_DYNAMIC_NO_PIC = NO;
				GCC_NO_COMMON_BLOCKS = YES;
				GCC_OPTIMIZATION_LEVEL = 0;
				GCC_PREPROCESSOR_DEFINITIONS = (
					"DEBUG=1",
					"$(inherited)",
				);
				GCC_WARN_64_TO_32_BIT_CONVERSION = YES;
				GCC_WARN_ABOUT_RETURN_TYPE = YES_ERROR;
				GCC_WARN_UNDECLARED_SELECTOR = YES;
				GCC_WARN_UNINITIALIZED_AUTOS = YES_AGGRESSIVE;
				GCC_WARN_UNUSED_FUNCTION = YES;
				GCC_WARN_UNUSED_VARIABLE = YES;
				IPHONEOS_DEPLOYMENT_TARGET = 14.5;
				MTL_ENABLE_DEBUG_INFO = INCLUDE_SOURCE;
				MTL_FAST_MATH = YES;
				ONLY_ACTIVE_ARCH = YES;
				SDKROOT = iphoneos;
				SWIFT_ACTIVE_COMPILATION_CONDITIONS = DEBUG;
				SWIFT_OPTIMIZATION_LEVEL = "-Onone";
			};
			name = Debug;
		};
		AAAB81D4270AC9E900B2BA61 /* Release */ = {
			isa = XCBuildConfiguration;
			buildSettings = {
				ALWAYS_SEARCH_USER_PATHS = NO;
				CLANG_ANALYZER_NONNULL = YES;
				CLANG_ANALYZER_NUMBER_OBJECT_CONVERSION = YES_AGGRESSIVE;
				CLANG_CXX_LANGUAGE_STANDARD = "gnu++14";
				CLANG_CXX_LIBRARY = "libc++";
				CLANG_ENABLE_MODULES = YES;
				CLANG_ENABLE_OBJC_ARC = YES;
				CLANG_ENABLE_OBJC_WEAK = YES;
				CLANG_WARN_BLOCK_CAPTURE_AUTORELEASING = YES;
				CLANG_WARN_BOOL_CONVERSION = YES;
				CLANG_WARN_COMMA = YES;
				CLANG_WARN_CONSTANT_CONVERSION = YES;
				CLANG_WARN_DEPRECATED_OBJC_IMPLEMENTATIONS = YES;
				CLANG_WARN_DIRECT_OBJC_ISA_USAGE = YES_ERROR;
				CLANG_WARN_DOCUMENTATION_COMMENTS = YES;
				CLANG_WARN_EMPTY_BODY = YES;
				CLANG_WARN_ENUM_CONVERSION = YES;
				CLANG_WARN_INFINITE_RECURSION = YES;
				CLANG_WARN_INT_CONVERSION = YES;
				CLANG_WARN_NON_LITERAL_NULL_CONVERSION = YES;
				CLANG_WARN_OBJC_IMPLICIT_RETAIN_SELF = YES;
				CLANG_WARN_OBJC_LITERAL_CONVERSION = YES;
				CLANG_WARN_OBJC_ROOT_CLASS = YES_ERROR;
				CLANG_WARN_QUOTED_INCLUDE_IN_FRAMEWORK_HEADER = YES;
				CLANG_WARN_RANGE_LOOP_ANALYSIS = YES;
				CLANG_WARN_STRICT_PROTOTYPES = YES;
				CLANG_WARN_SUSPICIOUS_MOVE = YES;
				CLANG_WARN_UNGUARDED_AVAILABILITY = YES_AGGRESSIVE;
				CLANG_WARN_UNREACHABLE_CODE = YES;
				CLANG_WARN__DUPLICATE_METHOD_MATCH = YES;
				COPY_PHASE_STRIP = NO;
				DEBUG_INFORMATION_FORMAT = "dwarf-with-dsym";
				ENABLE_NS_ASSERTIONS = NO;
				ENABLE_STRICT_OBJC_MSGSEND = YES;
				GCC_C_LANGUAGE_STANDARD = gnu11;
				GCC_NO_COMMON_BLOCKS = YES;
				GCC_WARN_64_TO_32_BIT_CONVERSION = YES;
				GCC_WARN_ABOUT_RETURN_TYPE = YES_ERROR;
				GCC_WARN_UNDECLARED_SELECTOR = YES;
				GCC_WARN_UNINITIALIZED_AUTOS = YES_AGGRESSIVE;
				GCC_WARN_UNUSED_FUNCTION = YES;
				GCC_WARN_UNUSED_VARIABLE = YES;
				IPHONEOS_DEPLOYMENT_TARGET = 14.5;
				MTL_ENABLE_DEBUG_INFO = NO;
				MTL_FAST_MATH = YES;
				SDKROOT = iphoneos;
				SWIFT_COMPILATION_MODE = wholemodule;
				SWIFT_OPTIMIZATION_LEVEL = "-O";
				VALIDATE_PRODUCT = YES;
			};
			name = Release;
		};
		AAAB81D6270AC9E900B2BA61 /* Debug */ = {
			isa = XCBuildConfiguration;
			baseConfigurationReference = 78B8821F4F429F463CD0CE5D /* Pods-University Pal.debug.xcconfig */;
			buildSettings = {
				ASSETCATALOG_COMPILER_APPICON_NAME = AppIcon;
				ASSETCATALOG_COMPILER_GLOBAL_ACCENT_COLOR_NAME = AccentColor;
				CODE_SIGN_STYLE = Automatic;
				DEVELOPMENT_ASSET_PATHS = "\"src/Preview Content\"";
				DEVELOPMENT_TEAM = PC8D4A24P4;
				ENABLE_PREVIEWS = YES;
				INFOPLIST_FILE = "$(SRCROOT)/src/Info.plist";
				IPHONEOS_DEPLOYMENT_TARGET = 14.0;
				LD_RUNPATH_SEARCH_PATHS = (
					"$(inherited)",
					"@executable_path/Frameworks",
				);
				ONLY_ACTIVE_ARCH = YES;
				PRODUCT_BUNDLE_IDENTIFIER = "com.gmail.asluisinfo.University-Pal";
				PRODUCT_NAME = "$(TARGET_NAME)";
				SWIFT_VERSION = 5.0;
				TARGETED_DEVICE_FAMILY = "1,2";
			};
			name = Debug;
		};
		AAAB81D7270AC9E900B2BA61 /* Release */ = {
			isa = XCBuildConfiguration;
			baseConfigurationReference = 7D7E8675BD5C516518243C03 /* Pods-University Pal.release.xcconfig */;
			buildSettings = {
				ASSETCATALOG_COMPILER_APPICON_NAME = AppIcon;
				ASSETCATALOG_COMPILER_GLOBAL_ACCENT_COLOR_NAME = AccentColor;
				CODE_SIGN_STYLE = Automatic;
				DEVELOPMENT_ASSET_PATHS = "\"src/Preview Content\"";
				DEVELOPMENT_TEAM = PC8D4A24P4;
				ENABLE_PREVIEWS = YES;
				"EXCLUDED_ARCHS[sdk=iphonesimulator*]" = arm64;
				INFOPLIST_FILE = "$(SRCROOT)/src/Info.plist";
				IPHONEOS_DEPLOYMENT_TARGET = 14.0;
				LD_RUNPATH_SEARCH_PATHS = (
					"$(inherited)",
					"@executable_path/Frameworks",
				);
				ONLY_ACTIVE_ARCH = NO;
				PRODUCT_BUNDLE_IDENTIFIER = "com.gmail.asluisinfo.University-Pal";
				PRODUCT_NAME = "$(TARGET_NAME)";
				SWIFT_VERSION = 5.0;
				TARGETED_DEVICE_FAMILY = "1,2";
			};
			name = Release;
		};
/* End XCBuildConfiguration section */

/* Begin XCConfigurationList section */
		AAAB81C1270AC9E700B2BA61 /* Build configuration list for PBXProject "University Pal" */ = {
			isa = XCConfigurationList;
			buildConfigurations = (
				AAAB81D3270AC9E900B2BA61 /* Debug */,
				AAAB81D4270AC9E900B2BA61 /* Release */,
			);
			defaultConfigurationIsVisible = 0;
			defaultConfigurationName = Release;
		};
		AAAB81D5270AC9E900B2BA61 /* Build configuration list for PBXNativeTarget "University Pal" */ = {
			isa = XCConfigurationList;
			buildConfigurations = (
				AAAB81D6270AC9E900B2BA61 /* Debug */,
				AAAB81D7270AC9E900B2BA61 /* Release */,
			);
			defaultConfigurationIsVisible = 0;
			defaultConfigurationName = Release;
		};
/* End XCConfigurationList section */
	};
	rootObject = AAAB81BE270AC9E700B2BA61 /* Project object */;
}
